
Microsoft Visual Studio Solution File, Format Version 12.00
# Visual Studio Version 16
VisualStudioVersion = 16.0.30309.148
MinimumVisualStudioVersion = 10.0.40219.1
Project("{9A19103F-16F7-4668-BE54-9A1E7A4F7556}") = "WebAPI", "WebAPI\WebAPI.csproj", "{30DC390F-BDFA-401F-9A79-A016F4C92F33}"
EndProject
Project("{FAE04EC0-301F-11D3-BF4B-00C04F79EFBC}") = "WebAPIConsume", "WebAPIConsume\WebAPIConsume.csproj", "{8FDF5E8E-DF82-487B-A25F-C58B1F2D3C2B}"
EndProject
Global
	GlobalSection(SolutionConfigurationPlatforms) = preSolution
		Debug|Any CPU = Debug|Any CPU
		Release|Any CPU = Release|Any CPU
	EndGlobalSection
	GlobalSection(ProjectConfigurationPlatforms) = postSolution
		{30DC390F-BDFA-401F-9A79-A016F4C92F33}.Debug|Any CPU.ActiveCfg = Debug|Any CPU
		{30DC390F-BDFA-401F-9A79-A016F4C92F33}.Debug|Any CPU.Build.0 = Debug|Any CPU
		{30DC390F-BDFA-401F-9A79-A016F4C92F33}.Release|Any CPU.ActiveCfg = Release|Any CPU
		{30DC390F-BDFA-401F-9A79-A016F4C92F33}.Release|Any CPU.Build.0 = Release|Any CPU
		{8FDF5E8E-DF82-487B-A25F-C58B1F2D3C2B}.Debug|Any CPU.ActiveCfg = Debug|Any CPU
		{8FDF5E8E-DF82-487B-A25F-C58B1F2D3C2B}.Debug|Any CPU.Build.0 = Debug|Any CPU
		{8FDF5E8E-DF82-487B-A25F-C58B1F2D3C2B}.Release|Any CPU.ActiveCfg = Release|Any CPU
		{8FDF5E8E-DF82-487B-A25F-C58B1F2D3C2B}.Release|Any CPU.Build.0 = Release|Any CPU
	EndGlobalSection
	GlobalSection(SolutionProperties) = preSolution
		HideSolutionNode = FALSE
	EndGlobalSection
	GlobalSection(ExtensibilityGlobals) = postSolution
		SolutionGuid = {6E4D7ADA-C248-4A4D-ABB7-D7AFDA74CF80}
	EndGlobalSection
EndGlobal
